
Microsoft Visual Studio Solution File, Format Version 12.00
# Visual Studio Version 16
VisualStudioVersion = 16.0.29009.5
MinimumVisualStudioVersion = 10.0.40219.1
Project("{8BC9CEB8-8B4A-11D0-8D11-00A0C91BC942}") = "Shader", "Shader\Shader.vcxproj", "{ABF86A38-39BA-4351-9B71-0863EA74D6F4}"
EndProject
Project("{8BC9CEB8-8B4A-11D0-8D11-00A0C91BC942}") = "HelloTriangle", "LearnOpenGL\LearnOpenGL.vcxproj", "{D3DC1143-3CF9-4E81-8D98-E6E82D57CBF7}"
EndProject
Project("{8BC9CEB8-8B4A-11D0-8D11-00A0C91BC942}") = "Texture", "Texture\Texture.vcxproj", "{B3DABD04-A6E5-4E17-9C08-3DF57DE269B0}"
EndProject
Project("{8BC9CEB8-8B4A-11D0-8D11-00A0C91BC942}") = "Transform", "Transform\Transform.vcxproj", "{FCFDD891-75BE-4908-882F-DAA351EDE25C}"
EndProject
Project("{8BC9CEB8-8B4A-11D0-8D11-00A0C91BC942}") = "CoordinateSystems", "CoordinateSystems\CoordinateSystems.vcxproj", "{C50FB573-1D98-4763-9CFD-5F22C256B499}"
EndProject
Project("{8BC9CEB8-8B4A-11D0-8D11-00A0C91BC942}") = "006_Camera", "006_Camera\006_Camera.vcxproj", "{9B0A58A6-2446-452A-A3CA-E47E9319FBCE}"
EndProject
Project("{8BC9CEB8-8B4A-11D0-8D11-00A0C91BC942}") = "007_Color", "007_Color\007_Color.vcxproj", "{F770D63C-C474-4599-8CC0-EB0A22646C55}"
EndProject
Project("{8BC9CEB8-8B4A-11D0-8D11-00A0C91BC942}") = "008_LightBase", "008_LightBase\008_LightBase.vcxproj", "{73027DB5-63DA-4544-B4E2-78A0CF514466}"
EndProject
Project("{8BC9CEB8-8B4A-11D0-8D11-00A0C91BC942}") = "009_Material", "009_Material\009_Material.vcxproj", "{2F7FAFA4-AAE7-40AE-A328-73B8671F0747}"
EndProject
Global
	GlobalSection(SolutionConfigurationPlatforms) = preSolution
		Debug|x64 = Debug|x64
		Debug|x86 = Debug|x86
		MinSizeRel|x64 = MinSizeRel|x64
		MinSizeRel|x86 = MinSizeRel|x86
		Release|x64 = Release|x64
		Release|x86 = Release|x86
		RelWithDebInfo|x64 = RelWithDebInfo|x64
		RelWithDebInfo|x86 = RelWithDebInfo|x86
	EndGlobalSection
	GlobalSection(ProjectConfigurationPlatforms) = postSolution
		{ABF86A38-39BA-4351-9B71-0863EA74D6F4}.Debug|x64.ActiveCfg = Debug|x64
		{ABF86A38-39BA-4351-9B71-0863EA74D6F4}.Debug|x64.Build.0 = Debug|x64
		{ABF86A38-39BA-4351-9B71-0863EA74D6F4}.Debug|x86.ActiveCfg = Debug|Win32
		{ABF86A38-39BA-4351-9B71-0863EA74D6F4}.Debug|x86.Build.0 = Debug|Win32
		{ABF86A38-39BA-4351-9B71-0863EA74D6F4}.MinSizeRel|x64.ActiveCfg = Release|x64
		{ABF86A38-39BA-4351-9B71-0863EA74D6F4}.MinSizeRel|x64.Build.0 = Release|x64
		{ABF86A38-39BA-4351-9B71-0863EA74D6F4}.MinSizeRel|x86.ActiveCfg = Release|Win32
		{ABF86A38-39BA-4351-9B71-0863EA74D6F4}.MinSizeRel|x86.Build.0 = Release|Win32
		{ABF86A38-39BA-4351-9B71-0863EA74D6F4}.Release|x64.ActiveCfg = Release|x64
		{ABF86A38-39BA-4351-9B71-0863EA74D6F4}.Release|x64.Build.0 = Release|x64
		{ABF86A38-39BA-4351-9B71-0863EA74D6F4}.Release|x86.ActiveCfg = Release|Win32
		{ABF86A38-39BA-4351-9B71-0863EA74D6F4}.Release|x86.Build.0 = Release|Win32
		{ABF86A38-39BA-4351-9B71-0863EA74D6F4}.RelWithDebInfo|x64.ActiveCfg = Release|x64
		{ABF86A38-39BA-4351-9B71-0863EA74D6F4}.RelWithDebInfo|x64.Build.0 = Release|x64
		{ABF86A38-39BA-4351-9B71-0863EA74D6F4}.RelWithDebInfo|x86.ActiveCfg = Release|Win32
		{ABF86A38-39BA-4351-9B71-0863EA74D6F4}.RelWithDebInfo|x86.Build.0 = Release|Win32
		{D3DC1143-3CF9-4E81-8D98-E6E82D57CBF7}.Debug|x64.ActiveCfg = Debug|x64
		{D3DC1143-3CF9-4E81-8D98-E6E82D57CBF7}.Debug|x64.Build.0 = Debug|x64
		{D3DC1143-3CF9-4E81-8D98-E6E82D57CBF7}.Debug|x86.ActiveCfg = Debug|Win32
		{D3DC1143-3CF9-4E81-8D98-E6E82D57CBF7}.Debug|x86.Build.0 = Debug|Win32
		{D3DC1143-3CF9-4E81-8D98-E6E82D57CBF7}.MinSizeRel|x64.ActiveCfg = Release|x64
		{D3DC1143-3CF9-4E81-8D98-E6E82D57CBF7}.MinSizeRel|x64.Build.0 = Release|x64
		{D3DC1143-3CF9-4E81-8D98-E6E82D57CBF7}.MinSizeRel|x86.ActiveCfg = Release|Win32
		{D3DC1143-3CF9-4E81-8D98-E6E82D57CBF7}.MinSizeRel|x86.Build.0 = Release|Win32
		{D3DC1143-3CF9-4E81-8D98-E6E82D57CBF7}.Release|x64.ActiveCfg = Release|x64
		{D3DC1143-3CF9-4E81-8D98-E6E82D57CBF7}.Release|x64.Build.0 = Release|x64
		{D3DC1143-3CF9-4E81-8D98-E6E82D57CBF7}.Release|x86.ActiveCfg = Release|Win32
		{D3DC1143-3CF9-4E81-8D98-E6E82D57CBF7}.Release|x86.Build.0 = Release|Win32
		{D3DC1143-3CF9-4E81-8D98-E6E82D57CBF7}.RelWithDebInfo|x64.ActiveCfg = Release|x64
		{D3DC1143-3CF9-4E81-8D98-E6E82D57CBF7}.RelWithDebInfo|x64.Build.0 = Release|x64
		{D3DC1143-3CF9-4E81-8D98-E6E82D57CBF7}.RelWithDebInfo|x86.ActiveCfg = Release|Win32
		{D3DC1143-3CF9-4E81-8D98-E6E82D57CBF7}.RelWithDebInfo|x86.Build.0 = Release|Win32
		{B3DABD04-A6E5-4E17-9C08-3DF57DE269B0}.Debug|x64.ActiveCfg = Debug|x64
		{B3DABD04-A6E5-4E17-9C08-3DF57DE269B0}.Debug|x64.Build.0 = Debug|x64
		{B3DABD04-A6E5-4E17-9C08-3DF57DE269B0}.Debug|x86.ActiveCfg = Debug|Win32
		{B3DABD04-A6E5-4E17-9C08-3DF57DE269B0}.Debug|x86.Build.0 = Debug|Win32
		{B3DABD04-A6E5-4E17-9C08-3DF57DE269B0}.MinSizeRel|x64.ActiveCfg = Release|x64
		{B3DABD04-A6E5-4E17-9C08-3DF57DE269B0}.MinSizeRel|x64.Build.0 = Release|x64
		{B3DABD04-A6E5-4E17-9C08-3DF57DE269B0}.MinSizeRel|x86.ActiveCfg = Release|Win32
		{B3DABD04-A6E5-4E17-9C08-3DF57DE269B0}.MinSizeRel|x86.Build.0 = Release|Win32
		{B3DABD04-A6E5-4E17-9C08-3DF57DE269B0}.Release|x64.ActiveCfg = Release|x64
		{B3DABD04-A6E5-4E17-9C08-3DF57DE269B0}.Release|x64.Build.0 = Release|x64
		{B3DABD04-A6E5-4E17-9C08-3DF57DE269B0}.Release|x86.ActiveCfg = Release|Win32
		{B3DABD04-A6E5-4E17-9C08-3DF57DE269B0}.Release|x86.Build.0 = Release|Win32
		{B3DABD04-A6E5-4E17-9C08-3DF57DE269B0}.RelWithDebInfo|x64.ActiveCfg = Release|x64
		{B3DABD04-A6E5-4E17-9C08-3DF57DE269B0}.RelWithDebInfo|x64.Build.0 = Release|x64
		{B3DABD04-A6E5-4E17-9C08-3DF57DE269B0}.RelWithDebInfo|x86.ActiveCfg = Release|Win32
		{B3DABD04-A6E5-4E17-9C08-3DF57DE269B0}.RelWithDebInfo|x86.Build.0 = Release|Win32
		{FCFDD891-75BE-4908-882F-DAA351EDE25C}.Debug|x64.ActiveCfg = Debug|x64
		{FCFDD891-75BE-4908-882F-DAA351EDE25C}.Debug|x64.Build.0 = Debug|x64
		{FCFDD891-75BE-4908-882F-DAA351EDE25C}.Debug|x86.ActiveCfg = Debug|Win32
		{FCFDD891-75BE-4908-882F-DAA351EDE25C}.Debug|x86.Build.0 = Debug|Win32
		{FCFDD891-75BE-4908-882F-DAA351EDE25C}.MinSizeRel|x64.ActiveCfg = Release|x64
		{FCFDD891-75BE-4908-882F-DAA351EDE25C}.MinSizeRel|x64.Build.0 = Release|x64
		{FCFDD891-75BE-4908-882F-DAA351EDE25C}.MinSizeRel|x86.ActiveCfg = Release|Win32
		{FCFDD891-75BE-4908-882F-DAA351EDE25C}.MinSizeRel|x86.Build.0 = Release|Win32
		{FCFDD891-75BE-4908-882F-DAA351EDE25C}.Release|x64.ActiveCfg = Release|x64
		{FCFDD891-75BE-4908-882F-DAA351EDE25C}.Release|x64.Build.0 = Release|x64
		{FCFDD891-75BE-4908-882F-DAA351EDE25C}.Release|x86.ActiveCfg = Release|Win32
		{FCFDD891-75BE-4908-882F-DAA351EDE25C}.Release|x86.Build.0 = Release|Win32
		{FCFDD891-75BE-4908-882F-DAA351EDE25C}.RelWithDebInfo|x64.ActiveCfg = Release|x64
		{FCFDD891-75BE-4908-882F-DAA351EDE25C}.RelWithDebInfo|x64.Build.0 = Release|x64
		{FCFDD891-75BE-4908-882F-DAA351EDE25C}.RelWithDebInfo|x86.ActiveCfg = Release|Win32
		{FCFDD891-75BE-4908-882F-DAA351EDE25C}.RelWithDebInfo|x86.Build.0 = Release|Win32
		{C50FB573-1D98-4763-9CFD-5F22C256B499}.Debug|x64.ActiveCfg = Debug|x64
		{C50FB573-1D98-4763-9CFD-5F22C256B499}.Debug|x64.Build.0 = Debug|x64
		{C50FB573-1D98-4763-9CFD-5F22C256B499}.Debug|x86.ActiveCfg = Debug|Win32
		{C50FB573-1D98-4763-9CFD-5F22C256B499}.Debug|x86.Build.0 = Debug|Win32
		{C50FB573-1D98-4763-9CFD-5F22C256B499}.MinSizeRel|x64.ActiveCfg = Release|x64
		{C50FB573-1D98-4763-9CFD-5F22C256B499}.MinSizeRel|x64.Build.0 = Release|x64
		{C50FB573-1D98-4763-9CFD-5F22C256B499}.MinSizeRel|x86.ActiveCfg = Release|Win32
		{C50FB573-1D98-4763-9CFD-5F22C256B499}.MinSizeRel|x86.Build.0 = Release|Win32
		{C50FB573-1D98-4763-9CFD-5F22C256B499}.Release|x64.ActiveCfg = Release|x64
		{C50FB573-1D98-4763-9CFD-5F22C256B499}.Release|x64.Build.0 = Release|x64
		{C50FB573-1D98-4763-9CFD-5F22C256B499}.Release|x86.ActiveCfg = Release|Win32
		{C50FB573-1D98-4763-9CFD-5F22C256B499}.Release|x86.Build.0 = Release|Win32
		{C50FB573-1D98-4763-9CFD-5F22C256B499}.RelWithDebInfo|x64.ActiveCfg = Release|x64
		{C50FB573-1D98-4763-9CFD-5F22C256B499}.RelWithDebInfo|x64.Build.0 = Release|x64
		{C50FB573-1D98-4763-9CFD-5F22C256B499}.RelWithDebInfo|x86.ActiveCfg = Release|Win32
		{C50FB573-1D98-4763-9CFD-5F22C256B499}.RelWithDebInfo|x86.Build.0 = Release|Win32
		{9B0A58A6-2446-452A-A3CA-E47E9319FBCE}.Debug|x64.ActiveCfg = Debug|x64
		{9B0A58A6-2446-452A-A3CA-E47E9319FBCE}.Debug|x64.Build.0 = Debug|x64
		{9B0A58A6-2446-452A-A3CA-E47E9319FBCE}.Debug|x86.ActiveCfg = Debug|Win32
		{9B0A58A6-2446-452A-A3CA-E47E9319FBCE}.Debug|x86.Build.0 = Debug|Win32
		{9B0A58A6-2446-452A-A3CA-E47E9319FBCE}.MinSizeRel|x64.ActiveCfg = Release|x64
		{9B0A58A6-2446-452A-A3CA-E47E9319FBCE}.MinSizeRel|x64.Build.0 = Release|x64
		{9B0A58A6-2446-452A-A3CA-E47E9319FBCE}.MinSizeRel|x86.ActiveCfg = Release|Win32
		{9B0A58A6-2446-452A-A3CA-E47E9319FBCE}.MinSizeRel|x86.Build.0 = Release|Win32
		{9B0A58A6-2446-452A-A3CA-E47E9319FBCE}.Release|x64.ActiveCfg = Release|x64
		{9B0A58A6-2446-452A-A3CA-E47E9319FBCE}.Release|x64.Build.0 = Release|x64
		{9B0A58A6-2446-452A-A3CA-E47E9319FBCE}.Release|x86.ActiveCfg = Release|Win32
		{9B0A58A6-2446-452A-A3CA-E47E9319FBCE}.Release|x86.Build.0 = Release|Win32
		{9B0A58A6-2446-452A-A3CA-E47E9319FBCE}.RelWithDebInfo|x64.ActiveCfg = Release|x64
		{9B0A58A6-2446-452A-A3CA-E47E9319FBCE}.RelWithDebInfo|x64.Build.0 = Release|x64
		{9B0A58A6-2446-452A-A3CA-E47E9319FBCE}.RelWithDebInfo|x86.ActiveCfg = Release|Win32
		{9B0A58A6-2446-452A-A3CA-E47E9319FBCE}.RelWithDebInfo|x86.Build.0 = Release|Win32
		{F770D63C-C474-4599-8CC0-EB0A22646C55}.Debug|x64.ActiveCfg = Debug|x64
		{F770D63C-C474-4599-8CC0-EB0A22646C55}.Debug|x64.Build.0 = Debug|x64
		{F770D63C-C474-4599-8CC0-EB0A22646C55}.Debug|x86.ActiveCfg = Debug|Win32
		{F770D63C-C474-4599-8CC0-EB0A22646C55}.Debug|x86.Build.0 = Debug|Win32
		{F770D63C-C474-4599-8CC0-EB0A22646C55}.MinSizeRel|x64.ActiveCfg = Release|x64
		{F770D63C-C474-4599-8CC0-EB0A22646C55}.MinSizeRel|x64.Build.0 = Release|x64
		{F770D63C-C474-4599-8CC0-EB0A22646C55}.MinSizeRel|x86.ActiveCfg = Release|Win32
		{F770D63C-C474-4599-8CC0-EB0A22646C55}.MinSizeRel|x86.Build.0 = Release|Win32
		{F770D63C-C474-4599-8CC0-EB0A22646C55}.Release|x64.ActiveCfg = Release|x64
		{F770D63C-C474-4599-8CC0-EB0A22646C55}.Release|x64.Build.0 = Release|x64
		{F770D63C-C474-4599-8CC0-EB0A22646C55}.Release|x86.ActiveCfg = Release|Win32
		{F770D63C-C474-4599-8CC0-EB0A22646C55}.Release|x86.Build.0 = Release|Win32
		{F770D63C-C474-4599-8CC0-EB0A22646C55}.RelWithDebInfo|x64.ActiveCfg = Release|x64
		{F770D63C-C474-4599-8CC0-EB0A22646C55}.RelWithDebInfo|x64.Build.0 = Release|x64
		{F770D63C-C474-4599-8CC0-EB0A22646C55}.RelWithDebInfo|x86.ActiveCfg = Release|Win32
		{F770D63C-C474-4599-8CC0-EB0A22646C55}.RelWithDebInfo|x86.Build.0 = Release|Win32
		{73027DB5-63DA-4544-B4E2-78A0CF514466}.Debug|x64.ActiveCfg = Debug|x64
		{73027DB5-63DA-4544-B4E2-78A0CF514466}.Debug|x64.Build.0 = Debug|x64
		{73027DB5-63DA-4544-B4E2-78A0CF514466}.Debug|x86.ActiveCfg = Debug|Win32
		{73027DB5-63DA-4544-B4E2-78A0CF514466}.Debug|x86.Build.0 = Debug|Win32
		{73027DB5-63DA-4544-B4E2-78A0CF514466}.MinSizeRel|x64.ActiveCfg = Release|x64
		{73027DB5-63DA-4544-B4E2-78A0CF514466}.MinSizeRel|x64.Build.0 = Release|x64
		{73027DB5-63DA-4544-B4E2-78A0CF514466}.MinSizeRel|x86.ActiveCfg = Release|Win32
		{73027DB5-63DA-4544-B4E2-78A0CF514466}.MinSizeRel|x86.Build.0 = Release|Win32
		{73027DB5-63DA-4544-B4E2-78A0CF514466}.Release|x64.ActiveCfg = Release|x64
		{73027DB5-63DA-4544-B4E2-78A0CF514466}.Release|x64.Build.0 = Release|x64
		{73027DB5-63DA-4544-B4E2-78A0CF514466}.Release|x86.ActiveCfg = Release|Win32
		{73027DB5-63DA-4544-B4E2-78A0CF514466}.Release|x86.Build.0 = Release|Win32
		{73027DB5-63DA-4544-B4E2-78A0CF514466}.RelWithDebInfo|x64.ActiveCfg = Release|x64
		{73027DB5-63DA-4544-B4E2-78A0CF514466}.RelWithDebInfo|x64.Build.0 = Release|x64
		{73027DB5-63DA-4544-B4E2-78A0CF514466}.RelWithDebInfo|x86.ActiveCfg = Release|Win32
		{73027DB5-63DA-4544-B4E2-78A0CF514466}.RelWithDebInfo|x86.Build.0 = Release|Win32
		{2F7FAFA4-AAE7-40AE-A328-73B8671F0747}.Debug|x64.ActiveCfg = Debug|x64
		{2F7FAFA4-AAE7-40AE-A328-73B8671F0747}.Debug|x64.Build.0 = Debug|x64
		{2F7FAFA4-AAE7-40AE-A328-73B8671F0747}.Debug|x86.ActiveCfg = Debug|Win32
		{2F7FAFA4-AAE7-40AE-A328-73B8671F0747}.Debug|x86.Build.0 = Debug|Win32
		{2F7FAFA4-AAE7-40AE-A328-73B8671F0747}.MinSizeRel|x64.ActiveCfg = Release|x64
		{2F7FAFA4-AAE7-40AE-A328-73B8671F0747}.MinSizeRel|x64.Build.0 = Release|x64
		{2F7FAFA4-AAE7-40AE-A328-73B8671F0747}.MinSizeRel|x86.ActiveCfg = Release|Win32
		{2F7FAFA4-AAE7-40AE-A328-73B8671F0747}.MinSizeRel|x86.Build.0 = Release|Win32
		{2F7FAFA4-AAE7-40AE-A328-73B8671F0747}.Release|x64.ActiveCfg = Release|x64
		{2F7FAFA4-AAE7-40AE-A328-73B8671F0747}.Release|x64.Build.0 = Release|x64
		{2F7FAFA4-AAE7-40AE-A328-73B8671F0747}.Release|x86.ActiveCfg = Release|Win32
		{2F7FAFA4-AAE7-40AE-A328-73B8671F0747}.Release|x86.Build.0 = Release|Win32
		{2F7FAFA4-AAE7-40AE-A328-73B8671F0747}.RelWithDebInfo|x64.ActiveCfg = Release|x64
		{2F7FAFA4-AAE7-40AE-A328-73B8671F0747}.RelWithDebInfo|x64.Build.0 = Release|x64
		{2F7FAFA4-AAE7-40AE-A328-73B8671F0747}.RelWithDebInfo|x86.ActiveCfg = Release|Win32
		{2F7FAFA4-AAE7-40AE-A328-73B8671F0747}.RelWithDebInfo|x86.Build.0 = Release|Win32
	EndGlobalSection
	GlobalSection(SolutionProperties) = preSolution
		HideSolutionNode = FALSE
	EndGlobalSection
	GlobalSection(ExtensibilityGlobals) = postSolution
		SolutionGuid = {9D8D3FC3-2528-4294-A032-8E52A482C4B4}
	EndGlobalSection
EndGlobal
