
Microsoft Visual Studio Solution File, Format Version 12.00
# Visual Studio Version 16
VisualStudioVersion = 16.0.29009.5
MinimumVisualStudioVersion = 10.0.40219.1
Project("{8BC9CEB8-8B4A-11D0-8D11-00A0C91BC942}") = "Shader", "Shader\Shader.vcxproj", "{ABF86A38-39BA-4351-9B71-0863EA74D6F4}"
EndProject
Project("{8BC9CEB8-8B4A-11D0-8D11-00A0C91BC942}") = "HelloTriangle", "LearnOpenGL\LearnOpenGL.vcxproj", "{D3DC1143-3CF9-4E81-8D98-E6E82D57CBF7}"
EndProject
Project("{8BC9CEB8-8B4A-11D0-8D11-00A0C91BC942}") = "Texture", "Texture\Texture.vcxproj", "{B3DABD04-A6E5-4E17-9C08-3DF57DE269B0}"
EndProject
Project("{8BC9CEB8-8B4A-11D0-8D11-00A0C91BC942}") = "Transform", "Transform\Transform.vcxproj", "{FCFDD891-75BE-4908-882F-DAA351EDE25C}"
EndProject
Project("{8BC9CEB8-8B4A-11D0-8D11-00A0C91BC942}") = "CoordinateSystems", "CoordinateSystems\CoordinateSystems.vcxproj", "{C50FB573-1D98-4763-9CFD-5F22C256B499}"
EndProject
Project("{8BC9CEB8-8B4A-11D0-8D11-00A0C91BC942}") = "006_Camera", "006_Camera\006_Camera.vcxproj", "{9B0A58A6-2446-452A-A3CA-E47E9319FBCE}"
EndProject
Project("{8BC9CEB8-8B4A-11D0-8D11-00A0C91BC942}") = "007_Color", "007_Color\007_Color.vcxproj", "{F770D63C-C474-4599-8CC0-EB0A22646C55}"
EndProject
Project("{8BC9CEB8-8B4A-11D0-8D11-00A0C91BC942}") = "008_LightBase", "008_LightBase\008_LightBase.vcxproj", "{73027DB5-63DA-4544-B4E2-78A0CF514466}"
EndProject
Project("{8BC9CEB8-8B4A-11D0-8D11-00A0C91BC942}") = "009_Material", "009_Material\009_Material.vcxproj", "{2F7FAFA4-AAE7-40AE-A328-73B8671F0747}"
EndProject
Project("{8BC9CEB8-8B4A-11D0-8D11-00A0C91BC942}") = "010_LightMap", "010_LightMap\010_LightMap.vcxproj", "{6C796A78-ABB8-4AE4-AAA4-60077C51EBFC}"
EndProject
Project("{8BC9CEB8-8B4A-11D0-8D11-00A0C91BC942}") = "011_LightCaster", "011_LightCaster\011_LightCaster.vcxproj", "{8436CDD5-C5D7-409B-AC17-FDAF7498E7FF}"
EndProject
Project("{8BC9CEB8-8B4A-11D0-8D11-00A0C91BC942}") = "012_MutiLight", "012_MutiLight\012_MutiLight.vcxproj", "{B28ABE58-EC2D-41A9-9528-BB5E9079901E}"
EndProject
Project("{8BC9CEB8-8B4A-11D0-8D11-00A0C91BC942}") = "013_Mesh", "013_Mesh\013_Mesh.vcxproj", "{A12549AC-23E3-40FB-B10E-D579B36C82D4}"
EndProject
Project("{8BC9CEB8-8B4A-11D0-8D11-00A0C91BC942}") = "014_DepthTest", "014_DepthTest\DepthTest.vcxproj", "{52E1300F-551E-44FF-B7DC-3DA07F58307B}"
EndProject
Project("{8BC9CEB8-8B4A-11D0-8D11-00A0C91BC942}") = "015_Blend", "015_Blend\015_Blend.vcxproj", "{1979E09C-D9D7-4A5A-8A5B-20722296BEB5}"
EndProject
Project("{8BC9CEB8-8B4A-11D0-8D11-00A0C91BC942}") = "016_FrameBuffer", "016_FrameBuffer\016_FrameBuffer.vcxproj", "{6E8E0B54-2D73-44B3-AB6E-10F39AA34B38}"
EndProject
Project("{8BC9CEB8-8B4A-11D0-8D11-00A0C91BC942}") = "017_CubeMap", "017_CubeMap\017_CubeMap.vcxproj", "{4754A6AF-2469-42ED-88DA-9690BAD5317F}"
EndProject
Project("{8BC9CEB8-8B4A-11D0-8D11-00A0C91BC942}") = "018_AdvanceGLSL", "018_AdvanceGLSL\018_AdvanceGLSL.vcxproj", "{1AA4DE9D-7C3F-4356-971A-6205E27AA2AB}"
EndProject
Project("{8BC9CEB8-8B4A-11D0-8D11-00A0C91BC942}") = "019_GeometryShader", "019_GeometryShader\019_GeometryShader.vcxproj", "{765579D6-01A6-4BDB-9A41-98571A65594D}"
EndProject
Project("{8BC9CEB8-8B4A-11D0-8D11-00A0C91BC942}") = "020_Instancing", "020_Instancing\020_Instancing.vcxproj", "{049AA788-7838-4710-B5A7-A475F7DBF632}"
EndProject
Project("{8BC9CEB8-8B4A-11D0-8D11-00A0C91BC942}") = "021_MSAA", "021_MSAA\021_MSAA.vcxproj", "{D9EE4D03-6B2A-44B5-86D9-BDFDCBDEFD29}"
EndProject
Project("{8BC9CEB8-8B4A-11D0-8D11-00A0C91BC942}") = "022_NormalMap", "022_NormalMap\022_NormalMap.vcxproj", "{99320ED6-FA2F-4A1C-A84D-03626A2C28A6}"
EndProject
Global
	GlobalSection(SolutionConfigurationPlatforms) = preSolution
		Debug|x64 = Debug|x64
		Debug|x86 = Debug|x86
		MinSizeRel|x64 = MinSizeRel|x64
		MinSizeRel|x86 = MinSizeRel|x86
		Release|x64 = Release|x64
		Release|x86 = Release|x86
		RelWithDebInfo|x64 = RelWithDebInfo|x64
		RelWithDebInfo|x86 = RelWithDebInfo|x86
	EndGlobalSection
	GlobalSection(ProjectConfigurationPlatforms) = postSolution
		{ABF86A38-39BA-4351-9B71-0863EA74D6F4}.Debug|x64.ActiveCfg = Debug|x64
		{ABF86A38-39BA-4351-9B71-0863EA74D6F4}.Debug|x64.Build.0 = Debug|x64
		{ABF86A38-39BA-4351-9B71-0863EA74D6F4}.Debug|x86.ActiveCfg = Debug|Win32
		{ABF86A38-39BA-4351-9B71-0863EA74D6F4}.Debug|x86.Build.0 = Debug|Win32
		{ABF86A38-39BA-4351-9B71-0863EA74D6F4}.MinSizeRel|x64.ActiveCfg = Release|x64
		{ABF86A38-39BA-4351-9B71-0863EA74D6F4}.MinSizeRel|x64.Build.0 = Release|x64
		{ABF86A38-39BA-4351-9B71-0863EA74D6F4}.MinSizeRel|x86.ActiveCfg = Release|Win32
		{ABF86A38-39BA-4351-9B71-0863EA74D6F4}.MinSizeRel|x86.Build.0 = Release|Win32
		{ABF86A38-39BA-4351-9B71-0863EA74D6F4}.Release|x64.ActiveCfg = Release|x64
		{ABF86A38-39BA-4351-9B71-0863EA74D6F4}.Release|x64.Build.0 = Release|x64
		{ABF86A38-39BA-4351-9B71-0863EA74D6F4}.Release|x86.ActiveCfg = Release|Win32
		{ABF86A38-39BA-4351-9B71-0863EA74D6F4}.Release|x86.Build.0 = Release|Win32
		{ABF86A38-39BA-4351-9B71-0863EA74D6F4}.RelWithDebInfo|x64.ActiveCfg = Release|x64
		{ABF86A38-39BA-4351-9B71-0863EA74D6F4}.RelWithDebInfo|x64.Build.0 = Release|x64
		{ABF86A38-39BA-4351-9B71-0863EA74D6F4}.RelWithDebInfo|x86.ActiveCfg = Release|Win32
		{ABF86A38-39BA-4351-9B71-0863EA74D6F4}.RelWithDebInfo|x86.Build.0 = Release|Win32
		{D3DC1143-3CF9-4E81-8D98-E6E82D57CBF7}.Debug|x64.ActiveCfg = Debug|x64
		{D3DC1143-3CF9-4E81-8D98-E6E82D57CBF7}.Debug|x64.Build.0 = Debug|x64
		{D3DC1143-3CF9-4E81-8D98-E6E82D57CBF7}.Debug|x86.ActiveCfg = Debug|Win32
		{D3DC1143-3CF9-4E81-8D98-E6E82D57CBF7}.Debug|x86.Build.0 = Debug|Win32
		{D3DC1143-3CF9-4E81-8D98-E6E82D57CBF7}.MinSizeRel|x64.ActiveCfg = Release|x64
		{D3DC1143-3CF9-4E81-8D98-E6E82D57CBF7}.MinSizeRel|x64.Build.0 = Release|x64
		{D3DC1143-3CF9-4E81-8D98-E6E82D57CBF7}.MinSizeRel|x86.ActiveCfg = Release|Win32
		{D3DC1143-3CF9-4E81-8D98-E6E82D57CBF7}.MinSizeRel|x86.Build.0 = Release|Win32
		{D3DC1143-3CF9-4E81-8D98-E6E82D57CBF7}.Release|x64.ActiveCfg = Release|x64
		{D3DC1143-3CF9-4E81-8D98-E6E82D57CBF7}.Release|x64.Build.0 = Release|x64
		{D3DC1143-3CF9-4E81-8D98-E6E82D57CBF7}.Release|x86.ActiveCfg = Release|Win32
		{D3DC1143-3CF9-4E81-8D98-E6E82D57CBF7}.Release|x86.Build.0 = Release|Win32
		{D3DC1143-3CF9-4E81-8D98-E6E82D57CBF7}.RelWithDebInfo|x64.ActiveCfg = Release|x64
		{D3DC1143-3CF9-4E81-8D98-E6E82D57CBF7}.RelWithDebInfo|x64.Build.0 = Release|x64
		{D3DC1143-3CF9-4E81-8D98-E6E82D57CBF7}.RelWithDebInfo|x86.ActiveCfg = Release|Win32
		{D3DC1143-3CF9-4E81-8D98-E6E82D57CBF7}.RelWithDebInfo|x86.Build.0 = Release|Win32
		{B3DABD04-A6E5-4E17-9C08-3DF57DE269B0}.Debug|x64.ActiveCfg = Debug|x64
		{B3DABD04-A6E5-4E17-9C08-3DF57DE269B0}.Debug|x64.Build.0 = Debug|x64
		{B3DABD04-A6E5-4E17-9C08-3DF57DE269B0}.Debug|x86.ActiveCfg = Debug|Win32
		{B3DABD04-A6E5-4E17-9C08-3DF57DE269B0}.Debug|x86.Build.0 = Debug|Win32
		{B3DABD04-A6E5-4E17-9C08-3DF57DE269B0}.MinSizeRel|x64.ActiveCfg = Release|x64
		{B3DABD04-A6E5-4E17-9C08-3DF57DE269B0}.MinSizeRel|x64.Build.0 = Release|x64
		{B3DABD04-A6E5-4E17-9C08-3DF57DE269B0}.MinSizeRel|x86.ActiveCfg = Release|Win32
		{B3DABD04-A6E5-4E17-9C08-3DF57DE269B0}.MinSizeRel|x86.Build.0 = Release|Win32
		{B3DABD04-A6E5-4E17-9C08-3DF57DE269B0}.Release|x64.ActiveCfg = Release|x64
		{B3DABD04-A6E5-4E17-9C08-3DF57DE269B0}.Release|x64.Build.0 = Release|x64
		{B3DABD04-A6E5-4E17-9C08-3DF57DE269B0}.Release|x86.ActiveCfg = Release|Win32
		{B3DABD04-A6E5-4E17-9C08-3DF57DE269B0}.Release|x86.Build.0 = Release|Win32
		{B3DABD04-A6E5-4E17-9C08-3DF57DE269B0}.RelWithDebInfo|x64.ActiveCfg = Release|x64
		{B3DABD04-A6E5-4E17-9C08-3DF57DE269B0}.RelWithDebInfo|x64.Build.0 = Release|x64
		{B3DABD04-A6E5-4E17-9C08-3DF57DE269B0}.RelWithDebInfo|x86.ActiveCfg = Release|Win32
		{B3DABD04-A6E5-4E17-9C08-3DF57DE269B0}.RelWithDebInfo|x86.Build.0 = Release|Win32
		{FCFDD891-75BE-4908-882F-DAA351EDE25C}.Debug|x64.ActiveCfg = Debug|x64
		{FCFDD891-75BE-4908-882F-DAA351EDE25C}.Debug|x64.Build.0 = Debug|x64
		{FCFDD891-75BE-4908-882F-DAA351EDE25C}.Debug|x86.ActiveCfg = Debug|Win32
		{FCFDD891-75BE-4908-882F-DAA351EDE25C}.Debug|x86.Build.0 = Debug|Win32
		{FCFDD891-75BE-4908-882F-DAA351EDE25C}.MinSizeRel|x64.ActiveCfg = Release|x64
		{FCFDD891-75BE-4908-882F-DAA351EDE25C}.MinSizeRel|x64.Build.0 = Release|x64
		{FCFDD891-75BE-4908-882F-DAA351EDE25C}.MinSizeRel|x86.ActiveCfg = Release|Win32
		{FCFDD891-75BE-4908-882F-DAA351EDE25C}.MinSizeRel|x86.Build.0 = Release|Win32
		{FCFDD891-75BE-4908-882F-DAA351EDE25C}.Release|x64.ActiveCfg = Release|x64
		{FCFDD891-75BE-4908-882F-DAA351EDE25C}.Release|x64.Build.0 = Release|x64
		{FCFDD891-75BE-4908-882F-DAA351EDE25C}.Release|x86.ActiveCfg = Release|Win32
		{FCFDD891-75BE-4908-882F-DAA351EDE25C}.Release|x86.Build.0 = Release|Win32
		{FCFDD891-75BE-4908-882F-DAA351EDE25C}.RelWithDebInfo|x64.ActiveCfg = Release|x64
		{FCFDD891-75BE-4908-882F-DAA351EDE25C}.RelWithDebInfo|x64.Build.0 = Release|x64
		{FCFDD891-75BE-4908-882F-DAA351EDE25C}.RelWithDebInfo|x86.ActiveCfg = Release|Win32
		{FCFDD891-75BE-4908-882F-DAA351EDE25C}.RelWithDebInfo|x86.Build.0 = Release|Win32
		{C50FB573-1D98-4763-9CFD-5F22C256B499}.Debug|x64.ActiveCfg = Debug|x64
		{C50FB573-1D98-4763-9CFD-5F22C256B499}.Debug|x64.Build.0 = Debug|x64
		{C50FB573-1D98-4763-9CFD-5F22C256B499}.Debug|x86.ActiveCfg = Debug|Win32
		{C50FB573-1D98-4763-9CFD-5F22C256B499}.Debug|x86.Build.0 = Debug|Win32
		{C50FB573-1D98-4763-9CFD-5F22C256B499}.MinSizeRel|x64.ActiveCfg = Release|x64
		{C50FB573-1D98-4763-9CFD-5F22C256B499}.MinSizeRel|x64.Build.0 = Release|x64
		{C50FB573-1D98-4763-9CFD-5F22C256B499}.MinSizeRel|x86.ActiveCfg = Release|Win32
		{C50FB573-1D98-4763-9CFD-5F22C256B499}.MinSizeRel|x86.Build.0 = Release|Win32
		{C50FB573-1D98-4763-9CFD-5F22C256B499}.Release|x64.ActiveCfg = Release|x64
		{C50FB573-1D98-4763-9CFD-5F22C256B499}.Release|x64.Build.0 = Release|x64
		{C50FB573-1D98-4763-9CFD-5F22C256B499}.Release|x86.ActiveCfg = Release|Win32
		{C50FB573-1D98-4763-9CFD-5F22C256B499}.Release|x86.Build.0 = Release|Win32
		{C50FB573-1D98-4763-9CFD-5F22C256B499}.RelWithDebInfo|x64.ActiveCfg = Release|x64
		{C50FB573-1D98-4763-9CFD-5F22C256B499}.RelWithDebInfo|x64.Build.0 = Release|x64
		{C50FB573-1D98-4763-9CFD-5F22C256B499}.RelWithDebInfo|x86.ActiveCfg = Release|Win32
		{C50FB573-1D98-4763-9CFD-5F22C256B499}.RelWithDebInfo|x86.Build.0 = Release|Win32
		{9B0A58A6-2446-452A-A3CA-E47E9319FBCE}.Debug|x64.ActiveCfg = Debug|x64
		{9B0A58A6-2446-452A-A3CA-E47E9319FBCE}.Debug|x64.Build.0 = Debug|x64
		{9B0A58A6-2446-452A-A3CA-E47E9319FBCE}.Debug|x86.ActiveCfg = Debug|Win32
		{9B0A58A6-2446-452A-A3CA-E47E9319FBCE}.Debug|x86.Build.0 = Debug|Win32
		{9B0A58A6-2446-452A-A3CA-E47E9319FBCE}.MinSizeRel|x64.ActiveCfg = Release|x64
		{9B0A58A6-2446-452A-A3CA-E47E9319FBCE}.MinSizeRel|x64.Build.0 = Release|x64
		{9B0A58A6-2446-452A-A3CA-E47E9319FBCE}.MinSizeRel|x86.ActiveCfg = Release|Win32
		{9B0A58A6-2446-452A-A3CA-E47E9319FBCE}.MinSizeRel|x86.Build.0 = Release|Win32
		{9B0A58A6-2446-452A-A3CA-E47E9319FBCE}.Release|x64.ActiveCfg = Release|x64
		{9B0A58A6-2446-452A-A3CA-E47E9319FBCE}.Release|x64.Build.0 = Release|x64
		{9B0A58A6-2446-452A-A3CA-E47E9319FBCE}.Release|x86.ActiveCfg = Release|Win32
		{9B0A58A6-2446-452A-A3CA-E47E9319FBCE}.Release|x86.Build.0 = Release|Win32
		{9B0A58A6-2446-452A-A3CA-E47E9319FBCE}.RelWithDebInfo|x64.ActiveCfg = Release|x64
		{9B0A58A6-2446-452A-A3CA-E47E9319FBCE}.RelWithDebInfo|x64.Build.0 = Release|x64
		{9B0A58A6-2446-452A-A3CA-E47E9319FBCE}.RelWithDebInfo|x86.ActiveCfg = Release|Win32
		{9B0A58A6-2446-452A-A3CA-E47E9319FBCE}.RelWithDebInfo|x86.Build.0 = Release|Win32
		{F770D63C-C474-4599-8CC0-EB0A22646C55}.Debug|x64.ActiveCfg = Debug|x64
		{F770D63C-C474-4599-8CC0-EB0A22646C55}.Debug|x64.Build.0 = Debug|x64
		{F770D63C-C474-4599-8CC0-EB0A22646C55}.Debug|x86.ActiveCfg = Debug|Win32
		{F770D63C-C474-4599-8CC0-EB0A22646C55}.Debug|x86.Build.0 = Debug|Win32
		{F770D63C-C474-4599-8CC0-EB0A22646C55}.MinSizeRel|x64.ActiveCfg = Release|x64
		{F770D63C-C474-4599-8CC0-EB0A22646C55}.MinSizeRel|x64.Build.0 = Release|x64
		{F770D63C-C474-4599-8CC0-EB0A22646C55}.MinSizeRel|x86.ActiveCfg = Release|Win32
		{F770D63C-C474-4599-8CC0-EB0A22646C55}.MinSizeRel|x86.Build.0 = Release|Win32
		{F770D63C-C474-4599-8CC0-EB0A22646C55}.Release|x64.ActiveCfg = Release|x64
		{F770D63C-C474-4599-8CC0-EB0A22646C55}.Release|x64.Build.0 = Release|x64
		{F770D63C-C474-4599-8CC0-EB0A22646C55}.Release|x86.ActiveCfg = Release|Win32
		{F770D63C-C474-4599-8CC0-EB0A22646C55}.Release|x86.Build.0 = Release|Win32
		{F770D63C-C474-4599-8CC0-EB0A22646C55}.RelWithDebInfo|x64.ActiveCfg = Release|x64
		{F770D63C-C474-4599-8CC0-EB0A22646C55}.RelWithDebInfo|x64.Build.0 = Release|x64
		{F770D63C-C474-4599-8CC0-EB0A22646C55}.RelWithDebInfo|x86.ActiveCfg = Release|Win32
		{F770D63C-C474-4599-8CC0-EB0A22646C55}.RelWithDebInfo|x86.Build.0 = Release|Win32
		{73027DB5-63DA-4544-B4E2-78A0CF514466}.Debug|x64.ActiveCfg = Debug|x64
		{73027DB5-63DA-4544-B4E2-78A0CF514466}.Debug|x64.Build.0 = Debug|x64
		{73027DB5-63DA-4544-B4E2-78A0CF514466}.Debug|x86.ActiveCfg = Debug|Win32
		{73027DB5-63DA-4544-B4E2-78A0CF514466}.Debug|x86.Build.0 = Debug|Win32
		{73027DB5-63DA-4544-B4E2-78A0CF514466}.MinSizeRel|x64.ActiveCfg = Release|x64
		{73027DB5-63DA-4544-B4E2-78A0CF514466}.MinSizeRel|x64.Build.0 = Release|x64
		{73027DB5-63DA-4544-B4E2-78A0CF514466}.MinSizeRel|x86.ActiveCfg = Release|Win32
		{73027DB5-63DA-4544-B4E2-78A0CF514466}.MinSizeRel|x86.Build.0 = Release|Win32
		{73027DB5-63DA-4544-B4E2-78A0CF514466}.Release|x64.ActiveCfg = Release|x64
		{73027DB5-63DA-4544-B4E2-78A0CF514466}.Release|x64.Build.0 = Release|x64
		{73027DB5-63DA-4544-B4E2-78A0CF514466}.Release|x86.ActiveCfg = Release|Win32
		{73027DB5-63DA-4544-B4E2-78A0CF514466}.Release|x86.Build.0 = Release|Win32
		{73027DB5-63DA-4544-B4E2-78A0CF514466}.RelWithDebInfo|x64.ActiveCfg = Release|x64
		{73027DB5-63DA-4544-B4E2-78A0CF514466}.RelWithDebInfo|x64.Build.0 = Release|x64
		{73027DB5-63DA-4544-B4E2-78A0CF514466}.RelWithDebInfo|x86.ActiveCfg = Release|Win32
		{73027DB5-63DA-4544-B4E2-78A0CF514466}.RelWithDebInfo|x86.Build.0 = Release|Win32
		{2F7FAFA4-AAE7-40AE-A328-73B8671F0747}.Debug|x64.ActiveCfg = Debug|x64
		{2F7FAFA4-AAE7-40AE-A328-73B8671F0747}.Debug|x64.Build.0 = Debug|x64
		{2F7FAFA4-AAE7-40AE-A328-73B8671F0747}.Debug|x86.ActiveCfg = Debug|Win32
		{2F7FAFA4-AAE7-40AE-A328-73B8671F0747}.Debug|x86.Build.0 = Debug|Win32
		{2F7FAFA4-AAE7-40AE-A328-73B8671F0747}.MinSizeRel|x64.ActiveCfg = Release|x64
		{2F7FAFA4-AAE7-40AE-A328-73B8671F0747}.MinSizeRel|x64.Build.0 = Release|x64
		{2F7FAFA4-AAE7-40AE-A328-73B8671F0747}.MinSizeRel|x86.ActiveCfg = Release|Win32
		{2F7FAFA4-AAE7-40AE-A328-73B8671F0747}.MinSizeRel|x86.Build.0 = Release|Win32
		{2F7FAFA4-AAE7-40AE-A328-73B8671F0747}.Release|x64.ActiveCfg = Release|x64
		{2F7FAFA4-AAE7-40AE-A328-73B8671F0747}.Release|x64.Build.0 = Release|x64
		{2F7FAFA4-AAE7-40AE-A328-73B8671F0747}.Release|x86.ActiveCfg = Release|Win32
		{2F7FAFA4-AAE7-40AE-A328-73B8671F0747}.Release|x86.Build.0 = Release|Win32
		{2F7FAFA4-AAE7-40AE-A328-73B8671F0747}.RelWithDebInfo|x64.ActiveCfg = Release|x64
		{2F7FAFA4-AAE7-40AE-A328-73B8671F0747}.RelWithDebInfo|x64.Build.0 = Release|x64
		{2F7FAFA4-AAE7-40AE-A328-73B8671F0747}.RelWithDebInfo|x86.ActiveCfg = Release|Win32
		{2F7FAFA4-AAE7-40AE-A328-73B8671F0747}.RelWithDebInfo|x86.Build.0 = Release|Win32
		{6C796A78-ABB8-4AE4-AAA4-60077C51EBFC}.Debug|x64.ActiveCfg = Debug|x64
		{6C796A78-ABB8-4AE4-AAA4-60077C51EBFC}.Debug|x64.Build.0 = Debug|x64
		{6C796A78-ABB8-4AE4-AAA4-60077C51EBFC}.Debug|x86.ActiveCfg = Debug|Win32
		{6C796A78-ABB8-4AE4-AAA4-60077C51EBFC}.Debug|x86.Build.0 = Debug|Win32
		{6C796A78-ABB8-4AE4-AAA4-60077C51EBFC}.MinSizeRel|x64.ActiveCfg = Release|x64
		{6C796A78-ABB8-4AE4-AAA4-60077C51EBFC}.MinSizeRel|x64.Build.0 = Release|x64
		{6C796A78-ABB8-4AE4-AAA4-60077C51EBFC}.MinSizeRel|x86.ActiveCfg = Release|Win32
		{6C796A78-ABB8-4AE4-AAA4-60077C51EBFC}.MinSizeRel|x86.Build.0 = Release|Win32
		{6C796A78-ABB8-4AE4-AAA4-60077C51EBFC}.Release|x64.ActiveCfg = Release|x64
		{6C796A78-ABB8-4AE4-AAA4-60077C51EBFC}.Release|x64.Build.0 = Release|x64
		{6C796A78-ABB8-4AE4-AAA4-60077C51EBFC}.Release|x86.ActiveCfg = Release|Win32
		{6C796A78-ABB8-4AE4-AAA4-60077C51EBFC}.Release|x86.Build.0 = Release|Win32
		{6C796A78-ABB8-4AE4-AAA4-60077C51EBFC}.RelWithDebInfo|x64.ActiveCfg = Release|x64
		{6C796A78-ABB8-4AE4-AAA4-60077C51EBFC}.RelWithDebInfo|x64.Build.0 = Release|x64
		{6C796A78-ABB8-4AE4-AAA4-60077C51EBFC}.RelWithDebInfo|x86.ActiveCfg = Release|Win32
		{6C796A78-ABB8-4AE4-AAA4-60077C51EBFC}.RelWithDebInfo|x86.Build.0 = Release|Win32
		{8436CDD5-C5D7-409B-AC17-FDAF7498E7FF}.Debug|x64.ActiveCfg = Debug|x64
		{8436CDD5-C5D7-409B-AC17-FDAF7498E7FF}.Debug|x64.Build.0 = Debug|x64
		{8436CDD5-C5D7-409B-AC17-FDAF7498E7FF}.Debug|x86.ActiveCfg = Debug|Win32
		{8436CDD5-C5D7-409B-AC17-FDAF7498E7FF}.Debug|x86.Build.0 = Debug|Win32
		{8436CDD5-C5D7-409B-AC17-FDAF7498E7FF}.MinSizeRel|x64.ActiveCfg = Release|x64
		{8436CDD5-C5D7-409B-AC17-FDAF7498E7FF}.MinSizeRel|x64.Build.0 = Release|x64
		{8436CDD5-C5D7-409B-AC17-FDAF7498E7FF}.MinSizeRel|x86.ActiveCfg = Release|Win32
		{8436CDD5-C5D7-409B-AC17-FDAF7498E7FF}.MinSizeRel|x86.Build.0 = Release|Win32
		{8436CDD5-C5D7-409B-AC17-FDAF7498E7FF}.Release|x64.ActiveCfg = Release|x64
		{8436CDD5-C5D7-409B-AC17-FDAF7498E7FF}.Release|x64.Build.0 = Release|x64
		{8436CDD5-C5D7-409B-AC17-FDAF7498E7FF}.Release|x86.ActiveCfg = Release|Win32
		{8436CDD5-C5D7-409B-AC17-FDAF7498E7FF}.Release|x86.Build.0 = Release|Win32
		{8436CDD5-C5D7-409B-AC17-FDAF7498E7FF}.RelWithDebInfo|x64.ActiveCfg = Release|x64
		{8436CDD5-C5D7-409B-AC17-FDAF7498E7FF}.RelWithDebInfo|x64.Build.0 = Release|x64
		{8436CDD5-C5D7-409B-AC17-FDAF7498E7FF}.RelWithDebInfo|x86.ActiveCfg = Release|Win32
		{8436CDD5-C5D7-409B-AC17-FDAF7498E7FF}.RelWithDebInfo|x86.Build.0 = Release|Win32
		{B28ABE58-EC2D-41A9-9528-BB5E9079901E}.Debug|x64.ActiveCfg = Debug|x64
		{B28ABE58-EC2D-41A9-9528-BB5E9079901E}.Debug|x64.Build.0 = Debug|x64
		{B28ABE58-EC2D-41A9-9528-BB5E9079901E}.Debug|x86.ActiveCfg = Debug|Win32
		{B28ABE58-EC2D-41A9-9528-BB5E9079901E}.Debug|x86.Build.0 = Debug|Win32
		{B28ABE58-EC2D-41A9-9528-BB5E9079901E}.MinSizeRel|x64.ActiveCfg = Release|x64
		{B28ABE58-EC2D-41A9-9528-BB5E9079901E}.MinSizeRel|x64.Build.0 = Release|x64
		{B28ABE58-EC2D-41A9-9528-BB5E9079901E}.MinSizeRel|x86.ActiveCfg = Release|Win32
		{B28ABE58-EC2D-41A9-9528-BB5E9079901E}.MinSizeRel|x86.Build.0 = Release|Win32
		{B28ABE58-EC2D-41A9-9528-BB5E9079901E}.Release|x64.ActiveCfg = Release|x64
		{B28ABE58-EC2D-41A9-9528-BB5E9079901E}.Release|x64.Build.0 = Release|x64
		{B28ABE58-EC2D-41A9-9528-BB5E9079901E}.Release|x86.ActiveCfg = Release|Win32
		{B28ABE58-EC2D-41A9-9528-BB5E9079901E}.Release|x86.Build.0 = Release|Win32
		{B28ABE58-EC2D-41A9-9528-BB5E9079901E}.RelWithDebInfo|x64.ActiveCfg = Release|x64
		{B28ABE58-EC2D-41A9-9528-BB5E9079901E}.RelWithDebInfo|x64.Build.0 = Release|x64
		{B28ABE58-EC2D-41A9-9528-BB5E9079901E}.RelWithDebInfo|x86.ActiveCfg = Release|Win32
		{B28ABE58-EC2D-41A9-9528-BB5E9079901E}.RelWithDebInfo|x86.Build.0 = Release|Win32
		{A12549AC-23E3-40FB-B10E-D579B36C82D4}.Debug|x64.ActiveCfg = Debug|x64
		{A12549AC-23E3-40FB-B10E-D579B36C82D4}.Debug|x64.Build.0 = Debug|x64
		{A12549AC-23E3-40FB-B10E-D579B36C82D4}.Debug|x86.ActiveCfg = Debug|Win32
		{A12549AC-23E3-40FB-B10E-D579B36C82D4}.Debug|x86.Build.0 = Debug|Win32
		{A12549AC-23E3-40FB-B10E-D579B36C82D4}.MinSizeRel|x64.ActiveCfg = Release|x64
		{A12549AC-23E3-40FB-B10E-D579B36C82D4}.MinSizeRel|x64.Build.0 = Release|x64
		{A12549AC-23E3-40FB-B10E-D579B36C82D4}.MinSizeRel|x86.ActiveCfg = Release|Win32
		{A12549AC-23E3-40FB-B10E-D579B36C82D4}.MinSizeRel|x86.Build.0 = Release|Win32
		{A12549AC-23E3-40FB-B10E-D579B36C82D4}.Release|x64.ActiveCfg = Release|x64
		{A12549AC-23E3-40FB-B10E-D579B36C82D4}.Release|x64.Build.0 = Release|x64
		{A12549AC-23E3-40FB-B10E-D579B36C82D4}.Release|x86.ActiveCfg = Release|Win32
		{A12549AC-23E3-40FB-B10E-D579B36C82D4}.Release|x86.Build.0 = Release|Win32
		{A12549AC-23E3-40FB-B10E-D579B36C82D4}.RelWithDebInfo|x64.ActiveCfg = Release|x64
		{A12549AC-23E3-40FB-B10E-D579B36C82D4}.RelWithDebInfo|x64.Build.0 = Release|x64
		{A12549AC-23E3-40FB-B10E-D579B36C82D4}.RelWithDebInfo|x86.ActiveCfg = Release|Win32
		{A12549AC-23E3-40FB-B10E-D579B36C82D4}.RelWithDebInfo|x86.Build.0 = Release|Win32
		{52E1300F-551E-44FF-B7DC-3DA07F58307B}.Debug|x64.ActiveCfg = Debug|x64
		{52E1300F-551E-44FF-B7DC-3DA07F58307B}.Debug|x64.Build.0 = Debug|x64
		{52E1300F-551E-44FF-B7DC-3DA07F58307B}.Debug|x86.ActiveCfg = Debug|Win32
		{52E1300F-551E-44FF-B7DC-3DA07F58307B}.Debug|x86.Build.0 = Debug|Win32
		{52E1300F-551E-44FF-B7DC-3DA07F58307B}.MinSizeRel|x64.ActiveCfg = Release|x64
		{52E1300F-551E-44FF-B7DC-3DA07F58307B}.MinSizeRel|x64.Build.0 = Release|x64
		{52E1300F-551E-44FF-B7DC-3DA07F58307B}.MinSizeRel|x86.ActiveCfg = Release|Win32
		{52E1300F-551E-44FF-B7DC-3DA07F58307B}.MinSizeRel|x86.Build.0 = Release|Win32
		{52E1300F-551E-44FF-B7DC-3DA07F58307B}.Release|x64.ActiveCfg = Release|x64
		{52E1300F-551E-44FF-B7DC-3DA07F58307B}.Release|x64.Build.0 = Release|x64
		{52E1300F-551E-44FF-B7DC-3DA07F58307B}.Release|x86.ActiveCfg = Release|Win32
		{52E1300F-551E-44FF-B7DC-3DA07F58307B}.Release|x86.Build.0 = Release|Win32
		{52E1300F-551E-44FF-B7DC-3DA07F58307B}.RelWithDebInfo|x64.ActiveCfg = Release|x64
		{52E1300F-551E-44FF-B7DC-3DA07F58307B}.RelWithDebInfo|x64.Build.0 = Release|x64
		{52E1300F-551E-44FF-B7DC-3DA07F58307B}.RelWithDebInfo|x86.ActiveCfg = Release|Win32
		{52E1300F-551E-44FF-B7DC-3DA07F58307B}.RelWithDebInfo|x86.Build.0 = Release|Win32
		{1979E09C-D9D7-4A5A-8A5B-20722296BEB5}.Debug|x64.ActiveCfg = Debug|x64
		{1979E09C-D9D7-4A5A-8A5B-20722296BEB5}.Debug|x64.Build.0 = Debug|x64
		{1979E09C-D9D7-4A5A-8A5B-20722296BEB5}.Debug|x86.ActiveCfg = Debug|Win32
		{1979E09C-D9D7-4A5A-8A5B-20722296BEB5}.Debug|x86.Build.0 = Debug|Win32
		{1979E09C-D9D7-4A5A-8A5B-20722296BEB5}.MinSizeRel|x64.ActiveCfg = Release|x64
		{1979E09C-D9D7-4A5A-8A5B-20722296BEB5}.MinSizeRel|x64.Build.0 = Release|x64
		{1979E09C-D9D7-4A5A-8A5B-20722296BEB5}.MinSizeRel|x86.ActiveCfg = Release|Win32
		{1979E09C-D9D7-4A5A-8A5B-20722296BEB5}.MinSizeRel|x86.Build.0 = Release|Win32
		{1979E09C-D9D7-4A5A-8A5B-20722296BEB5}.Release|x64.ActiveCfg = Release|x64
		{1979E09C-D9D7-4A5A-8A5B-20722296BEB5}.Release|x64.Build.0 = Release|x64
		{1979E09C-D9D7-4A5A-8A5B-20722296BEB5}.Release|x86.ActiveCfg = Release|Win32
		{1979E09C-D9D7-4A5A-8A5B-20722296BEB5}.Release|x86.Build.0 = Release|Win32
		{1979E09C-D9D7-4A5A-8A5B-20722296BEB5}.RelWithDebInfo|x64.ActiveCfg = Release|x64
		{1979E09C-D9D7-4A5A-8A5B-20722296BEB5}.RelWithDebInfo|x64.Build.0 = Release|x64
		{1979E09C-D9D7-4A5A-8A5B-20722296BEB5}.RelWithDebInfo|x86.ActiveCfg = Release|Win32
		{1979E09C-D9D7-4A5A-8A5B-20722296BEB5}.RelWithDebInfo|x86.Build.0 = Release|Win32
		{6E8E0B54-2D73-44B3-AB6E-10F39AA34B38}.Debug|x64.ActiveCfg = Debug|x64
		{6E8E0B54-2D73-44B3-AB6E-10F39AA34B38}.Debug|x64.Build.0 = Debug|x64
		{6E8E0B54-2D73-44B3-AB6E-10F39AA34B38}.Debug|x86.ActiveCfg = Debug|Win32
		{6E8E0B54-2D73-44B3-AB6E-10F39AA34B38}.Debug|x86.Build.0 = Debug|Win32
		{6E8E0B54-2D73-44B3-AB6E-10F39AA34B38}.MinSizeRel|x64.ActiveCfg = Release|x64
		{6E8E0B54-2D73-44B3-AB6E-10F39AA34B38}.MinSizeRel|x64.Build.0 = Release|x64
		{6E8E0B54-2D73-44B3-AB6E-10F39AA34B38}.MinSizeRel|x86.ActiveCfg = Release|Win32
		{6E8E0B54-2D73-44B3-AB6E-10F39AA34B38}.MinSizeRel|x86.Build.0 = Release|Win32
		{6E8E0B54-2D73-44B3-AB6E-10F39AA34B38}.Release|x64.ActiveCfg = Release|x64
		{6E8E0B54-2D73-44B3-AB6E-10F39AA34B38}.Release|x64.Build.0 = Release|x64
		{6E8E0B54-2D73-44B3-AB6E-10F39AA34B38}.Release|x86.ActiveCfg = Release|Win32
		{6E8E0B54-2D73-44B3-AB6E-10F39AA34B38}.Release|x86.Build.0 = Release|Win32
		{6E8E0B54-2D73-44B3-AB6E-10F39AA34B38}.RelWithDebInfo|x64.ActiveCfg = Release|x64
		{6E8E0B54-2D73-44B3-AB6E-10F39AA34B38}.RelWithDebInfo|x64.Build.0 = Release|x64
		{6E8E0B54-2D73-44B3-AB6E-10F39AA34B38}.RelWithDebInfo|x86.ActiveCfg = Release|Win32
		{6E8E0B54-2D73-44B3-AB6E-10F39AA34B38}.RelWithDebInfo|x86.Build.0 = Release|Win32
		{4754A6AF-2469-42ED-88DA-9690BAD5317F}.Debug|x64.ActiveCfg = Debug|x64
		{4754A6AF-2469-42ED-88DA-9690BAD5317F}.Debug|x64.Build.0 = Debug|x64
		{4754A6AF-2469-42ED-88DA-9690BAD5317F}.Debug|x86.ActiveCfg = Debug|Win32
		{4754A6AF-2469-42ED-88DA-9690BAD5317F}.Debug|x86.Build.0 = Debug|Win32
		{4754A6AF-2469-42ED-88DA-9690BAD5317F}.MinSizeRel|x64.ActiveCfg = Release|x64
		{4754A6AF-2469-42ED-88DA-9690BAD5317F}.MinSizeRel|x64.Build.0 = Release|x64
		{4754A6AF-2469-42ED-88DA-9690BAD5317F}.MinSizeRel|x86.ActiveCfg = Release|Win32
		{4754A6AF-2469-42ED-88DA-9690BAD5317F}.MinSizeRel|x86.Build.0 = Release|Win32
		{4754A6AF-2469-42ED-88DA-9690BAD5317F}.Release|x64.ActiveCfg = Release|x64
		{4754A6AF-2469-42ED-88DA-9690BAD5317F}.Release|x64.Build.0 = Release|x64
		{4754A6AF-2469-42ED-88DA-9690BAD5317F}.Release|x86.ActiveCfg = Release|Win32
		{4754A6AF-2469-42ED-88DA-9690BAD5317F}.Release|x86.Build.0 = Release|Win32
		{4754A6AF-2469-42ED-88DA-9690BAD5317F}.RelWithDebInfo|x64.ActiveCfg = Release|x64
		{4754A6AF-2469-42ED-88DA-9690BAD5317F}.RelWithDebInfo|x64.Build.0 = Release|x64
		{4754A6AF-2469-42ED-88DA-9690BAD5317F}.RelWithDebInfo|x86.ActiveCfg = Release|Win32
		{4754A6AF-2469-42ED-88DA-9690BAD5317F}.RelWithDebInfo|x86.Build.0 = Release|Win32
		{1AA4DE9D-7C3F-4356-971A-6205E27AA2AB}.Debug|x64.ActiveCfg = Debug|x64
		{1AA4DE9D-7C3F-4356-971A-6205E27AA2AB}.Debug|x64.Build.0 = Debug|x64
		{1AA4DE9D-7C3F-4356-971A-6205E27AA2AB}.Debug|x86.ActiveCfg = Debug|Win32
		{1AA4DE9D-7C3F-4356-971A-6205E27AA2AB}.Debug|x86.Build.0 = Debug|Win32
		{1AA4DE9D-7C3F-4356-971A-6205E27AA2AB}.MinSizeRel|x64.ActiveCfg = Release|x64
		{1AA4DE9D-7C3F-4356-971A-6205E27AA2AB}.MinSizeRel|x64.Build.0 = Release|x64
		{1AA4DE9D-7C3F-4356-971A-6205E27AA2AB}.MinSizeRel|x86.ActiveCfg = Release|Win32
		{1AA4DE9D-7C3F-4356-971A-6205E27AA2AB}.MinSizeRel|x86.Build.0 = Release|Win32
		{1AA4DE9D-7C3F-4356-971A-6205E27AA2AB}.Release|x64.ActiveCfg = Release|x64
		{1AA4DE9D-7C3F-4356-971A-6205E27AA2AB}.Release|x64.Build.0 = Release|x64
		{1AA4DE9D-7C3F-4356-971A-6205E27AA2AB}.Release|x86.ActiveCfg = Release|Win32
		{1AA4DE9D-7C3F-4356-971A-6205E27AA2AB}.Release|x86.Build.0 = Release|Win32
		{1AA4DE9D-7C3F-4356-971A-6205E27AA2AB}.RelWithDebInfo|x64.ActiveCfg = Release|x64
		{1AA4DE9D-7C3F-4356-971A-6205E27AA2AB}.RelWithDebInfo|x64.Build.0 = Release|x64
		{1AA4DE9D-7C3F-4356-971A-6205E27AA2AB}.RelWithDebInfo|x86.ActiveCfg = Release|Win32
		{1AA4DE9D-7C3F-4356-971A-6205E27AA2AB}.RelWithDebInfo|x86.Build.0 = Release|Win32
		{765579D6-01A6-4BDB-9A41-98571A65594D}.Debug|x64.ActiveCfg = Debug|x64
		{765579D6-01A6-4BDB-9A41-98571A65594D}.Debug|x64.Build.0 = Debug|x64
		{765579D6-01A6-4BDB-9A41-98571A65594D}.Debug|x86.ActiveCfg = Debug|Win32
		{765579D6-01A6-4BDB-9A41-98571A65594D}.Debug|x86.Build.0 = Debug|Win32
		{765579D6-01A6-4BDB-9A41-98571A65594D}.MinSizeRel|x64.ActiveCfg = Release|x64
		{765579D6-01A6-4BDB-9A41-98571A65594D}.MinSizeRel|x64.Build.0 = Release|x64
		{765579D6-01A6-4BDB-9A41-98571A65594D}.MinSizeRel|x86.ActiveCfg = Release|Win32
		{765579D6-01A6-4BDB-9A41-98571A65594D}.MinSizeRel|x86.Build.0 = Release|Win32
		{765579D6-01A6-4BDB-9A41-98571A65594D}.Release|x64.ActiveCfg = Release|x64
		{765579D6-01A6-4BDB-9A41-98571A65594D}.Release|x64.Build.0 = Release|x64
		{765579D6-01A6-4BDB-9A41-98571A65594D}.Release|x86.ActiveCfg = Release|Win32
		{765579D6-01A6-4BDB-9A41-98571A65594D}.Release|x86.Build.0 = Release|Win32
		{765579D6-01A6-4BDB-9A41-98571A65594D}.RelWithDebInfo|x64.ActiveCfg = Release|x64
		{765579D6-01A6-4BDB-9A41-98571A65594D}.RelWithDebInfo|x64.Build.0 = Release|x64
		{765579D6-01A6-4BDB-9A41-98571A65594D}.RelWithDebInfo|x86.ActiveCfg = Release|Win32
		{765579D6-01A6-4BDB-9A41-98571A65594D}.RelWithDebInfo|x86.Build.0 = Release|Win32
		{049AA788-7838-4710-B5A7-A475F7DBF632}.Debug|x64.ActiveCfg = Debug|x64
		{049AA788-7838-4710-B5A7-A475F7DBF632}.Debug|x64.Build.0 = Debug|x64
		{049AA788-7838-4710-B5A7-A475F7DBF632}.Debug|x86.ActiveCfg = Debug|Win32
		{049AA788-7838-4710-B5A7-A475F7DBF632}.Debug|x86.Build.0 = Debug|Win32
		{049AA788-7838-4710-B5A7-A475F7DBF632}.MinSizeRel|x64.ActiveCfg = Release|x64
		{049AA788-7838-4710-B5A7-A475F7DBF632}.MinSizeRel|x64.Build.0 = Release|x64
		{049AA788-7838-4710-B5A7-A475F7DBF632}.MinSizeRel|x86.ActiveCfg = Release|Win32
		{049AA788-7838-4710-B5A7-A475F7DBF632}.MinSizeRel|x86.Build.0 = Release|Win32
		{049AA788-7838-4710-B5A7-A475F7DBF632}.Release|x64.ActiveCfg = Release|x64
		{049AA788-7838-4710-B5A7-A475F7DBF632}.Release|x64.Build.0 = Release|x64
		{049AA788-7838-4710-B5A7-A475F7DBF632}.Release|x86.ActiveCfg = Release|Win32
		{049AA788-7838-4710-B5A7-A475F7DBF632}.Release|x86.Build.0 = Release|Win32
		{049AA788-7838-4710-B5A7-A475F7DBF632}.RelWithDebInfo|x64.ActiveCfg = Release|x64
		{049AA788-7838-4710-B5A7-A475F7DBF632}.RelWithDebInfo|x64.Build.0 = Release|x64
		{049AA788-7838-4710-B5A7-A475F7DBF632}.RelWithDebInfo|x86.ActiveCfg = Release|Win32
		{049AA788-7838-4710-B5A7-A475F7DBF632}.RelWithDebInfo|x86.Build.0 = Release|Win32
		{D9EE4D03-6B2A-44B5-86D9-BDFDCBDEFD29}.Debug|x64.ActiveCfg = Debug|x64
		{D9EE4D03-6B2A-44B5-86D9-BDFDCBDEFD29}.Debug|x64.Build.0 = Debug|x64
		{D9EE4D03-6B2A-44B5-86D9-BDFDCBDEFD29}.Debug|x86.ActiveCfg = Debug|Win32
		{D9EE4D03-6B2A-44B5-86D9-BDFDCBDEFD29}.Debug|x86.Build.0 = Debug|Win32
		{D9EE4D03-6B2A-44B5-86D9-BDFDCBDEFD29}.MinSizeRel|x64.ActiveCfg = Release|x64
		{D9EE4D03-6B2A-44B5-86D9-BDFDCBDEFD29}.MinSizeRel|x64.Build.0 = Release|x64
		{D9EE4D03-6B2A-44B5-86D9-BDFDCBDEFD29}.MinSizeRel|x86.ActiveCfg = Release|Win32
		{D9EE4D03-6B2A-44B5-86D9-BDFDCBDEFD29}.MinSizeRel|x86.Build.0 = Release|Win32
		{D9EE4D03-6B2A-44B5-86D9-BDFDCBDEFD29}.Release|x64.ActiveCfg = Release|x64
		{D9EE4D03-6B2A-44B5-86D9-BDFDCBDEFD29}.Release|x64.Build.0 = Release|x64
		{D9EE4D03-6B2A-44B5-86D9-BDFDCBDEFD29}.Release|x86.ActiveCfg = Release|Win32
		{D9EE4D03-6B2A-44B5-86D9-BDFDCBDEFD29}.Release|x86.Build.0 = Release|Win32
		{D9EE4D03-6B2A-44B5-86D9-BDFDCBDEFD29}.RelWithDebInfo|x64.ActiveCfg = Release|x64
		{D9EE4D03-6B2A-44B5-86D9-BDFDCBDEFD29}.RelWithDebInfo|x64.Build.0 = Release|x64
		{D9EE4D03-6B2A-44B5-86D9-BDFDCBDEFD29}.RelWithDebInfo|x86.ActiveCfg = Release|Win32
		{D9EE4D03-6B2A-44B5-86D9-BDFDCBDEFD29}.RelWithDebInfo|x86.Build.0 = Release|Win32
		{99320ED6-FA2F-4A1C-A84D-03626A2C28A6}.Debug|x64.ActiveCfg = Debug|x64
		{99320ED6-FA2F-4A1C-A84D-03626A2C28A6}.Debug|x64.Build.0 = Debug|x64
		{99320ED6-FA2F-4A1C-A84D-03626A2C28A6}.Debug|x86.ActiveCfg = Debug|Win32
		{99320ED6-FA2F-4A1C-A84D-03626A2C28A6}.Debug|x86.Build.0 = Debug|Win32
		{99320ED6-FA2F-4A1C-A84D-03626A2C28A6}.MinSizeRel|x64.ActiveCfg = Release|x64
		{99320ED6-FA2F-4A1C-A84D-03626A2C28A6}.MinSizeRel|x64.Build.0 = Release|x64
		{99320ED6-FA2F-4A1C-A84D-03626A2C28A6}.MinSizeRel|x86.ActiveCfg = Release|Win32
		{99320ED6-FA2F-4A1C-A84D-03626A2C28A6}.MinSizeRel|x86.Build.0 = Release|Win32
		{99320ED6-FA2F-4A1C-A84D-03626A2C28A6}.Release|x64.ActiveCfg = Release|x64
		{99320ED6-FA2F-4A1C-A84D-03626A2C28A6}.Release|x64.Build.0 = Release|x64
		{99320ED6-FA2F-4A1C-A84D-03626A2C28A6}.Release|x86.ActiveCfg = Release|Win32
		{99320ED6-FA2F-4A1C-A84D-03626A2C28A6}.Release|x86.Build.0 = Release|Win32
		{99320ED6-FA2F-4A1C-A84D-03626A2C28A6}.RelWithDebInfo|x64.ActiveCfg = Release|x64
		{99320ED6-FA2F-4A1C-A84D-03626A2C28A6}.RelWithDebInfo|x64.Build.0 = Release|x64
		{99320ED6-FA2F-4A1C-A84D-03626A2C28A6}.RelWithDebInfo|x86.ActiveCfg = Release|Win32
		{99320ED6-FA2F-4A1C-A84D-03626A2C28A6}.RelWithDebInfo|x86.Build.0 = Release|Win32
	EndGlobalSection
	GlobalSection(SolutionProperties) = preSolution
		HideSolutionNode = FALSE
	EndGlobalSection
	GlobalSection(ExtensibilityGlobals) = postSolution
		SolutionGuid = {9D8D3FC3-2528-4294-A032-8E52A482C4B4}
	EndGlobalSection
EndGlobal
